
Microsoft Visual Studio Solution File, Format Version 12.00
# Visual Studio Version 17
VisualStudioVersion = 17.2.32526.322
MinimumVisualStudioVersion = 10.0.40219.1
Project("{FAE04EC0-301F-11D3-BF4B-00C04F79EFBC}") = "AvaloniaApplication13", "AvaloniaApplication13\AvaloniaApplication13.csproj", "{843AA61B-A6BB-4DAA-97D2-D3074F5C136F}"
EndProject
Global
	GlobalSection(SolutionConfigurationPlatforms) = preSolution
		Debug|Any CPU = Debug|Any CPU
		Release|Any CPU = Release|Any CPU
	EndGlobalSection
	GlobalSection(ProjectConfigurationPlatforms) = postSolution
		{843AA61B-A6BB-4DAA-97D2-D3074F5C136F}.Debug|Any CPU.ActiveCfg = Debug|Any CPU
		{843AA61B-A6BB-4DAA-97D2-D3074F5C136F}.Debug|Any CPU.Build.0 = Debug|Any CPU
		{843AA61B-A6BB-4DAA-97D2-D3074F5C136F}.Release|Any CPU.ActiveCfg = Release|Any CPU
		{843AA61B-A6BB-4DAA-97D2-D3074F5C136F}.Release|Any CPU.Build.0 = Release|Any CPU
	EndGlobalSection
	GlobalSection(SolutionProperties) = preSolution
		HideSolutionNode = FALSE
	EndGlobalSection
	GlobalSection(ExtensibilityGlobals) = postSolution
		SolutionGuid = {4DBF70D4-86ED-4252-8FDA-03FEBBC7050F}
	EndGlobalSection
EndGlobal
